{
  "name": "daily-brief",
  "version": "1.0.0",
  "lockfileVersion": 1,
  "requires": true,
  "dependencies": {
    "axios": {
      "version": "0.21.1",
      "resolved": "https://registry.npmjs.org/axios/-/axios-0.21.1.tgz",
      "integrity": "sha512-dKQiRHxGD9PPRIUNIWvZhPTPpl1rf/OxTYKsqKUDjBwYylTvV7SjSHJb9ratfyzM6wCdLCOYLzs73qpg5c4iGA==",
      "requires": {
        "follow-redirects": "^1.10.0"
      },
      "dependencies": {
        "follow-redirects": {
          "version": "1.13.1",
          "resolved": "https://registry.npmjs.org/follow-redirects/-/follow-redirects-1.13.1.tgz",
          "integrity": "sha512-SSG5xmZh1mkPGyKzjZP8zLjltIfpW32Y5QpdNJyjcfGxK3qo3NDDkZOZSFiGn1A6SclQxY9GzEwAHQ3dmYRWpg=="
        }
      }
    },
    "babel-core": {
      "version": "6.24.1",
      "resolved": "https://registry.npmjs.org/babel-core/-/babel-core-6.24.1.tgz",
      "integrity": "sha1-jEKFZNzh4fQfszfsNPTDsCK1rYM=",
      "dev": true
    },
    "babel-loader": {
      "version": "6.4.1",
      "resolved": "https://registry.npmjs.org/babel-loader/-/babel-loader-6.4.1.tgz",
      "integrity": "sha1-CzQRLVsHSKjc2/Uaz2+b1C1QuMo=",
      "dev": true
    },
    "babel-plugin-transform-runtime": {
      "version": "6.23.0",
      "resolved": "https://registry.npmjs.org/babel-plugin-transform-runtime/-/babel-plugin-transform-runtime-6.23.0.tgz",
      "integrity": "sha1-iEkNRGUC6puOfvsP4J7E2ZR5se4="
    },
    "babel-preset-env": {
      "version": "1.5.1",
      "resolved": "https://registry.npmjs.org/babel-preset-env/-/babel-preset-env-1.5.1.tgz",
      "integrity": "sha1-0uymrxee3yfNwwWoSCD2AbRW3Qs=",
      "dev": true
    },
    "babel-preset-es2015": {
      "version": "6.24.1",
      "resolved": "https://registry.npmjs.org/babel-preset-es2015/-/babel-preset-es2015-6.24.1.tgz",
      "integrity": "sha1-1EBQ1rwsn+6nAqrzjXJ6AhBTiTk="
    },
    "cross-env": {
      "version": "3.2.4",
      "resolved": "https://registry.npmjs.org/cross-env/-/cross-env-3.2.4.tgz",
      "integrity": "sha1-ngWF8neGTtQhznVvgamA/w1piro=",
      "dev": true
    },
    "css-loader": {
      "version": "0.25.0",
      "resolved": "https://registry.npmjs.org/css-loader/-/css-loader-0.25.0.tgz",
      "integrity": "sha1-w/68jOKPTINXa2sTcH9H+Qw5AiM=",
      "dev": true
    },
    "extract-text-webpack-plugin": {
      "version": "2.1.2",
      "resolved": "https://registry.npmjs.org/extract-text-webpack-plugin/-/extract-text-webpack-plugin-2.1.2.tgz",
      "integrity": "sha1-dW7076gVXDaBgz+8NNpTuUF0bWw=",
      "dependencies": {
        "loader-utils": {
          "version": "1.1.0",
          "resolved": "https://registry.npmjs.org/loader-utils/-/loader-utils-1.1.0.tgz",
          "integrity": "sha1-yYrvSIvM7aL/teLeZG1qdUQp9c0="
        },
        "source-list-map": {
          "version": "2.0.0",
          "resolved": "https://registry.npmjs.org/source-list-map/-/source-list-map-2.0.0.tgz",
          "integrity": "sha512-I2UmuJSRr/T8jisiROLU3A3ltr+swpniSmNPI4Ml3ZCX6tVnDsuZzK7F2hl5jTqbZBWCEKlj5HRQiPExXLgE8A=="
        },
        "webpack-sources": {
          "version": "1.0.1",
          "resolved": "https://registry.npmjs.org/webpack-sources/-/webpack-sources-1.0.1.tgz",
          "integrity": "sha512-05tMxipUCwHqYaVS8xc7sYPTly8PzXayRCB4dTxLhWTqlKUiwH6ezmEe0OSreL1c30LAuA3Zqmc+uEBUGFJDjw=="
        }
      }
    },
    "file-loader": {
      "version": "0.9.0",
      "resolved": "https://registry.npmjs.org/file-loader/-/file-loader-0.9.0.tgz",
      "integrity": "sha1-HS2t3UJM5tGwfP4/eXMb7TYXq0I=",
      "dev": true
    },
    "vue": {
      "version": "2.3.3",
      "resolved": "https://registry.npmjs.org/vue/-/vue-2.3.3.tgz",
      "integrity": "sha1-0eqo/eUkBzWkVj508sf+rZy7Bkw="
    },
    "vue-loader": {
      "version": "12.2.1",
      "resolved": "https://registry.npmjs.org/vue-loader/-/vue-loader-12.2.1.tgz",
      "integrity": "sha1-U/J8CXPThnaPWnUVb0Epte/GulU=",
      "dev": true,
      "dependencies": {
        "loader-utils": {
          "version": "1.1.0",
          "resolved": "https://registry.npmjs.org/loader-utils/-/loader-utils-1.1.0.tgz",
          "integrity": "sha1-yYrvSIvM7aL/teLeZG1qdUQp9c0="
        }
      }
    },
    "vue-router": {
      "version": "2.6.0",
      "resolved": "https://registry.npmjs.org/vue-router/-/vue-router-2.6.0.tgz",
      "integrity": "sha512-V9VynDSnJL1+2UPltjDUq0qhBDp8Xt2k5L19+8XjoNHZp15c3GweEDepP+yq3ebX/KCY6sLaHlSt40I6Hvmy3g=="
    },
    "vue-template-compiler": {
      "version": "2.3.3",
      "resolved": "https://registry.npmjs.org/vue-template-compiler/-/vue-template-compiler-2.3.3.tgz",
      "integrity": "sha1-tbq57FcwnJBrgqeMgaAhedvC9HA=",
      "dev": true
    },
    "vuex": {
      "version": "2.3.1",
      "resolved": "https://registry.npmjs.org/vuex/-/vuex-2.3.1.tgz",
      "integrity": "sha1-zejpl8H5lXcZvH3qFU+appHZgaY=",
      "dev": true
    },
    "webpack": {
      "version": "2.6.1",
      "resolved": "https://registry.npmjs.org/webpack/-/webpack-2.6.1.tgz",
      "integrity": "sha1-LgRX8KuxrF3zqxBsacZy8jZ4Xwc=",
      "dev": true,
      "dependencies": {
        "supports-color": {
          "version": "3.2.3",
          "resolved": "https://registry.npmjs.org/supports-color/-/supports-color-3.2.3.tgz",
          "integrity": "sha1-ZawFBLOVQXHYpklGsq48u4pfVPY="
        }
      }
    },
    "webpack-dev-server": {
      "version": "2.4.5",
      "resolved": "https://registry.npmjs.org/webpack-dev-server/-/webpack-dev-server-2.4.5.tgz",
      "integrity": "sha1-MThM6BE2vhCAtLTN4OubkOVO5s8=",
      "dev": true,
      "dependencies": {
        "supports-color": {
          "version": "3.2.3",
          "resolved": "https://registry.npmjs.org/supports-color/-/supports-color-3.2.3.tgz",
          "integrity": "sha1-ZawFBLOVQXHYpklGsq48u4pfVPY="
        }
      }
    }
  }
}
